// !$*UTF8*$!
{
	archiveVersion = 1;
	classes = {
	};
	objectVersion = 50;
	objects = {

/* Begin PBXBuildFile section */
		056DAFDAF62B77E4AF922E5B /* Pods_paymentGateway2Tests.framework in Frameworks */ = {isa = PBXBuildFile; fileRef = 58B061B8165FB69EFCC5DA7F /* Pods_paymentGateway2Tests.framework */; };
		31521E2F23D59950009D9700 /* AppDelegate.swift in Sources */ = {isa = PBXBuildFile; fileRef = 31521E2E23D59950009D9700 /* AppDelegate.swift */; };
		31521E3123D59950009D9700 /* SceneDelegate.swift in Sources */ = {isa = PBXBuildFile; fileRef = 31521E3023D59950009D9700 /* SceneDelegate.swift */; };
		31521E3323D59950009D9700 /* ViewController.swift in Sources */ = {isa = PBXBuildFile; fileRef = 31521E3223D59950009D9700 /* ViewController.swift */; };
		31521E3623D59950009D9700 /* Main.storyboard in Resources */ = {isa = PBXBuildFile; fileRef = 31521E3423D59950009D9700 /* Main.storyboard */; };
		31521E3923D59950009D9700 /* paymentGateway2.xcdatamodeld in Sources */ = {isa = PBXBuildFile; fileRef = 31521E3723D59950009D9700 /* paymentGateway2.xcdatamodeld */; };
		31521E3B23D59951009D9700 /* Assets.xcassets in Resources */ = {isa = PBXBuildFile; fileRef = 31521E3A23D59951009D9700 /* Assets.xcassets */; };
		31521E3E23D59951009D9700 /* LaunchScreen.storyboard in Resources */ = {isa = PBXBuildFile; fileRef = 31521E3C23D59951009D9700 /* LaunchScreen.storyboard */; };
		31521E4923D59951009D9700 /* paymentGateway2Tests.swift in Sources */ = {isa = PBXBuildFile; fileRef = 31521E4823D59951009D9700 /* paymentGateway2Tests.swift */; };
		31521E5423D59951009D9700 /* paymentGateway2UITests.swift in Sources */ = {isa = PBXBuildFile; fileRef = 31521E5323D59951009D9700 /* paymentGateway2UITests.swift */; };
		95DC29E4CC739DB31AD188C6 /* Pods_paymentGateway2_paymentGateway2UITests.framework in Frameworks */ = {isa = PBXBuildFile; fileRef = A71E84EFAA0512FAA257DD39 /* Pods_paymentGateway2_paymentGateway2UITests.framework */; };
		E4628BBA9651946F8CD8B743 /* Pods_paymentGateway2.framework in Frameworks */ = {isa = PBXBuildFile; fileRef = E40DA5633E3499FD5CB9CD92 /* Pods_paymentGateway2.framework */; };
/* End PBXBuildFile section */

/* Begin PBXContainerItemProxy section */
		31521E4523D59951009D9700 /* PBXContainerItemProxy */ = {
			isa = PBXContainerItemProxy;
			containerPortal = 31521E2323D59950009D9700 /* Project object */;
			proxyType = 1;
			remoteGlobalIDString = 31521E2A23D59950009D9700;
			remoteInfo = paymentGateway2;
		};
		31521E5023D59951009D9700 /* PBXContainerItemProxy */ = {
			isa = PBXContainerItemProxy;
			containerPortal = 31521E2323D59950009D9700 /* Project object */;
			proxyType = 1;
			remoteGlobalIDString = 31521E2A23D59950009D9700;
			remoteInfo = paymentGateway2;
		};
/* End PBXContainerItemProxy section */

/* Begin PBXFileReference section */
		08DEDBAFF00DC3D0C6B9484B /* Pods-paymentGateway2-paymentGateway2UITests.release.xcconfig */ = {isa = PBXFileReference; includeInIndex = 1; lastKnownFileType = text.xcconfig; name = "Pods-paymentGateway2-paymentGateway2UITests.release.xcconfig"; path = "Target Support Files/Pods-paymentGateway2-paymentGateway2UITests/Pods-paymentGateway2-paymentGateway2UITests.release.xcconfig"; sourceTree = "<group>"; };
		1BA727E1FAEF37B27A86FD5F /* Pods-paymentGateway2Tests.release.xcconfig */ = {isa = PBXFileReference; includeInIndex = 1; lastKnownFileType = text.xcconfig; name = "Pods-paymentGateway2Tests.release.xcconfig"; path = "Target Support Files/Pods-paymentGateway2Tests/Pods-paymentGateway2Tests.release.xcconfig"; sourceTree = "<group>"; };
		31521E2B23D59950009D9700 /* paymentGateway2.app */ = {isa = PBXFileReference; explicitFileType = wrapper.application; includeInIndex = 0; path = paymentGateway2.app; sourceTree = BUILT_PRODUCTS_DIR; };
		31521E2E23D59950009D9700 /* AppDelegate.swift */ = {isa = PBXFileReference; lastKnownFileType = sourcecode.swift; path = AppDelegate.swift; sourceTree = "<group>"; };
		31521E3023D59950009D9700 /* SceneDelegate.swift */ = {isa = PBXFileReference; lastKnownFileType = sourcecode.swift; path = SceneDelegate.swift; sourceTree = "<group>"; };
		31521E3223D59950009D9700 /* ViewController.swift */ = {isa = PBXFileReference; lastKnownFileType = sourcecode.swift; path = ViewController.swift; sourceTree = "<group>"; };
		31521E3523D59950009D9700 /* Base */ = {isa = PBXFileReference; lastKnownFileType = file.storyboard; name = Base; path = Base.lproj/Main.storyboard; sourceTree = "<group>"; };
		31521E3823D59950009D9700 /* paymentGateway2.xcdatamodel */ = {isa = PBXFileReference; lastKnownFileType = wrapper.xcdatamodel; path = paymentGateway2.xcdatamodel; sourceTree = "<group>"; };
		31521E3A23D59951009D9700 /* Assets.xcassets */ = {isa = PBXFileReference; lastKnownFileType = folder.assetcatalog; path = Assets.xcassets; sourceTree = "<group>"; };
		31521E3D23D59951009D9700 /* Base */ = {isa = PBXFileReference; lastKnownFileType = file.storyboard; name = Base; path = Base.lproj/LaunchScreen.storyboard; sourceTree = "<group>"; };
		31521E3F23D59951009D9700 /* Info.plist */ = {isa = PBXFileReference; lastKnownFileType = text.plist.xml; path = Info.plist; sourceTree = "<group>"; };
		31521E4423D59951009D9700 /* paymentGateway2Tests.xctest */ = {isa = PBXFileReference; explicitFileType = wrapper.cfbundle; includeInIndex = 0; path = paymentGateway2Tests.xctest; sourceTree = BUILT_PRODUCTS_DIR; };
		31521E4823D59951009D9700 /* paymentGateway2Tests.swift */ = {isa = PBXFileReference; lastKnownFileType = sourcecode.swift; path = paymentGateway2Tests.swift; sourceTree = "<group>"; };
		31521E4A23D59951009D9700 /* Info.plist */ = {isa = PBXFileReference; lastKnownFileType = text.plist.xml; path = Info.plist; sourceTree = "<group>"; };
		31521E4F23D59951009D9700 /* paymentGateway2UITests.xctest */ = {isa = PBXFileReference; explicitFileType = wrapper.cfbundle; includeInIndex = 0; path = paymentGateway2UITests.xctest; sourceTree = BUILT_PRODUCTS_DIR; };
		31521E5323D59951009D9700 /* paymentGateway2UITests.swift */ = {isa = PBXFileReference; lastKnownFileType = sourcecode.swift; path = paymentGateway2UITests.swift; sourceTree = "<group>"; };
		31521E5523D59951009D9700 /* Info.plist */ = {isa = PBXFileReference; lastKnownFileType = text.plist.xml; path = Info.plist; sourceTree = "<group>"; };
		34945537777FB7652F0013D8 /* Pods-paymentGateway2.debug.xcconfig */ = {isa = PBXFileReference; includeInIndex = 1; lastKnownFileType = text.xcconfig; name = "Pods-paymentGateway2.debug.xcconfig"; path = "Target Support Files/Pods-paymentGateway2/Pods-paymentGateway2.debug.xcconfig"; sourceTree = "<group>"; };
		58B061B8165FB69EFCC5DA7F /* Pods_paymentGateway2Tests.framework */ = {isa = PBXFileReference; explicitFileType = wrapper.framework; includeInIndex = 0; path = Pods_paymentGateway2Tests.framework; sourceTree = BUILT_PRODUCTS_DIR; };
		65317ED37328E19D7500B51D /* Pods-paymentGateway2.release.xcconfig */ = {isa = PBXFileReference; includeInIndex = 1; lastKnownFileType = text.xcconfig; name = "Pods-paymentGateway2.release.xcconfig"; path = "Target Support Files/Pods-paymentGateway2/Pods-paymentGateway2.release.xcconfig"; sourceTree = "<group>"; };
		A71E84EFAA0512FAA257DD39 /* Pods_paymentGateway2_paymentGateway2UITests.framework */ = {isa = PBXFileReference; explicitFileType = wrapper.framework; includeInIndex = 0; path = Pods_paymentGateway2_paymentGateway2UITests.framework; sourceTree = BUILT_PRODUCTS_DIR; };
		DACD0F3B58378D65CD5B937A /* Pods-paymentGateway2Tests.debug.xcconfig */ = {isa = PBXFileReference; includeInIndex = 1; lastKnownFileType = text.xcconfig; name = "Pods-paymentGateway2Tests.debug.xcconfig"; path = "Target Support Files/Pods-paymentGateway2Tests/Pods-paymentGateway2Tests.debug.xcconfig"; sourceTree = "<group>"; };
		E40DA5633E3499FD5CB9CD92 /* Pods_paymentGateway2.framework */ = {isa = PBXFileReference; explicitFileType = wrapper.framework; includeInIndex = 0; path = Pods_paymentGateway2.framework; sourceTree = BUILT_PRODUCTS_DIR; };
		F7A6193C8CC22D643F50C322 /* Pods-paymentGateway2-paymentGateway2UITests.debug.xcconfig */ = {isa = PBXFileReference; includeInIndex = 1; lastKnownFileType = text.xcconfig; name = "Pods-paymentGateway2-paymentGateway2UITests.debug.xcconfig"; path = "Target Support Files/Pods-paymentGateway2-paymentGateway2UITests/Pods-paymentGateway2-paymentGateway2UITests.debug.xcconfig"; sourceTree = "<group>"; };
/* End PBXFileReference section */

/* Begin PBXFrameworksBuildPhase section */
		31521E2823D59950009D9700 /* Frameworks */ = {
			isa = PBXFrameworksBuildPhase;
			buildActionMask = 2147483647;
			files = (
				E4628BBA9651946F8CD8B743 /* Pods_paymentGateway2.framework in Frameworks */,
			);
			runOnlyForDeploymentPostprocessing = 0;
		};
		31521E4123D59951009D9700 /* Frameworks */ = {
			isa = PBXFrameworksBuildPhase;
			buildActionMask = 2147483647;
			files = (
				056DAFDAF62B77E4AF922E5B /* Pods_paymentGateway2Tests.framework in Frameworks */,
			);
			runOnlyForDeploymentPostprocessing = 0;
		};
		31521E4C23D59951009D9700 /* Frameworks */ = {
			isa = PBXFrameworksBuildPhase;
			buildActionMask = 2147483647;
			files = (
				95DC29E4CC739DB31AD188C6 /* Pods_paymentGateway2_paymentGateway2UITests.framework in Frameworks */,
			);
			runOnlyForDeploymentPostprocessing = 0;
		};
/* End PBXFrameworksBuildPhase section */

/* Begin PBXGroup section */
		31521E2223D59950009D9700 = {
			isa = PBXGroup;
			children = (
				31521E2D23D59950009D9700 /* paymentGateway2 */,
				31521E4723D59951009D9700 /* paymentGateway2Tests */,
				31521E5223D59951009D9700 /* paymentGateway2UITests */,
				31521E2C23D59950009D9700 /* Products */,
				A4D1F8CF560C20E973888389 /* Pods */,
				3ACAD41F62B92B6C6687984B /* Frameworks */,
			);
			sourceTree = "<group>";
		};
		31521E2C23D59950009D9700 /* Products */ = {
			isa = PBXGroup;
			children = (
				31521E2B23D59950009D9700 /* paymentGateway2.app */,
				31521E4423D59951009D9700 /* paymentGateway2Tests.xctest */,
				31521E4F23D59951009D9700 /* paymentGateway2UITests.xctest */,
			);
			name = Products;
			sourceTree = "<group>";
		};
		31521E2D23D59950009D9700 /* paymentGateway2 */ = {
			isa = PBXGroup;
			children = (
				31521E2E23D59950009D9700 /* AppDelegate.swift */,
				31521E3023D59950009D9700 /* SceneDelegate.swift */,
				31521E3223D59950009D9700 /* ViewController.swift */,
				31521E3423D59950009D9700 /* Main.storyboard */,
				31521E3A23D59951009D9700 /* Assets.xcassets */,
				31521E3C23D59951009D9700 /* LaunchScreen.storyboard */,
				31521E3F23D59951009D9700 /* Info.plist */,
				31521E3723D59950009D9700 /* paymentGateway2.xcdatamodeld */,
			);
			path = paymentGateway2;
			sourceTree = "<group>";
		};
		31521E4723D59951009D9700 /* paymentGateway2Tests */ = {
			isa = PBXGroup;
			children = (
				31521E4823D59951009D9700 /* paymentGateway2Tests.swift */,
				31521E4A23D59951009D9700 /* Info.plist */,
			);
			path = paymentGateway2Tests;
			sourceTree = "<group>";
		};
		31521E5223D59951009D9700 /* paymentGateway2UITests */ = {
			isa = PBXGroup;
			children = (
				31521E5323D59951009D9700 /* paymentGateway2UITests.swift */,
				31521E5523D59951009D9700 /* Info.plist */,
			);
			path = paymentGateway2UITests;
			sourceTree = "<group>";
		};
		3ACAD41F62B92B6C6687984B /* Frameworks */ = {
			isa = PBXGroup;
			children = (
				E40DA5633E3499FD5CB9CD92 /* Pods_paymentGateway2.framework */,
				A71E84EFAA0512FAA257DD39 /* Pods_paymentGateway2_paymentGateway2UITests.framework */,
				58B061B8165FB69EFCC5DA7F /* Pods_paymentGateway2Tests.framework */,
			);
			name = Frameworks;
			sourceTree = "<group>";
		};
		A4D1F8CF560C20E973888389 /* Pods */ = {
			isa = PBXGroup;
			children = (
				34945537777FB7652F0013D8 /* Pods-paymentGateway2.debug.xcconfig */,
				65317ED37328E19D7500B51D /* Pods-paymentGateway2.release.xcconfig */,
				F7A6193C8CC22D643F50C322 /* Pods-paymentGateway2-paymentGateway2UITests.debug.xcconfig */,
				08DEDBAFF00DC3D0C6B9484B /* Pods-paymentGateway2-paymentGateway2UITests.release.xcconfig */,
				DACD0F3B58378D65CD5B937A /* Pods-paymentGateway2Tests.debug.xcconfig */,
				1BA727E1FAEF37B27A86FD5F /* Pods-paymentGateway2Tests.release.xcconfig */,
			);
			name = Pods;
			path = Pods;
			sourceTree = "<group>";
		};
/* End PBXGroup section */

/* Begin PBXNativeTarget section */
		31521E2A23D59950009D9700 /* paymentGateway2 */ = {
			isa = PBXNativeTarget;
			buildConfigurationList = 31521E5823D59951009D9700 /* Build configuration list for PBXNativeTarget "paymentGateway2" */;
			buildPhases = (
				05E777FD8293DEB4B329636C /* [CP] Check Pods Manifest.lock */,
				31521E2723D59950009D9700 /* Sources */,
				31521E2823D59950009D9700 /* Frameworks */,
				31521E2923D59950009D9700 /* Resources */,
				796FCD3A21A722AA4B20759E /* [CP] Embed Pods Frameworks */,
			);
			buildRules = (
			);
			dependencies = (
			);
			name = paymentGateway2;
			productName = paymentGateway2;
			productReference = 31521E2B23D59950009D9700 /* paymentGateway2.app */;
			productType = "com.apple.product-type.application";
		};
		31521E4323D59951009D9700 /* paymentGateway2Tests */ = {
			isa = PBXNativeTarget;
			buildConfigurationList = 31521E5B23D59951009D9700 /* Build configuration list for PBXNativeTarget "paymentGateway2Tests" */;
			buildPhases = (
				C26F4E6933BAD307CE224E73 /* [CP] Check Pods Manifest.lock */,
				31521E4023D59951009D9700 /* Sources */,
				31521E4123D59951009D9700 /* Frameworks */,
				31521E4223D59951009D9700 /* Resources */,
			);
			buildRules = (
			);
			dependencies = (
				31521E4623D59951009D9700 /* PBXTargetDependency */,
			);
			name = paymentGateway2Tests;
			productName = paymentGateway2Tests;
			productReference = 31521E4423D59951009D9700 /* paymentGateway2Tests.xctest */;
			productType = "com.apple.product-type.bundle.unit-test";
		};
		31521E4E23D59951009D9700 /* paymentGateway2UITests */ = {
			isa = PBXNativeTarget;
			buildConfigurationList = 31521E5E23D59951009D9700 /* Build configuration list for PBXNativeTarget "paymentGateway2UITests" */;
			buildPhases = (
				3447DAFE2C73E1FF751D7DF7 /* [CP] Check Pods Manifest.lock */,
				31521E4B23D59951009D9700 /* Sources */,
				31521E4C23D59951009D9700 /* Frameworks */,
				31521E4D23D59951009D9700 /* Resources */,
				E2B78B13C4B9F514F750A992 /* [CP] Embed Pods Frameworks */,
			);
			buildRules = (
			);
			dependencies = (
				31521E5123D59951009D9700 /* PBXTargetDependency */,
			);
			name = paymentGateway2UITests;
			productName = paymentGateway2UITests;
			productReference = 31521E4F23D59951009D9700 /* paymentGateway2UITests.xctest */;
			productType = "com.apple.product-type.bundle.ui-testing";
		};
/* End PBXNativeTarget section */

/* Begin PBXProject section */
		31521E2323D59950009D9700 /* Project object */ = {
			isa = PBXProject;
			attributes = {
				LastSwiftUpdateCheck = 1130;
				LastUpgradeCheck = 1130;
				ORGANIZATIONNAME = "R Shantha Kumar";
				TargetAttributes = {
					31521E2A23D59950009D9700 = {
						CreatedOnToolsVersion = 11.3;
					};
					31521E4323D59951009D9700 = {
						CreatedOnToolsVersion = 11.3;
						TestTargetID = 31521E2A23D59950009D9700;
					};
					31521E4E23D59951009D9700 = {
						CreatedOnToolsVersion = 11.3;
						TestTargetID = 31521E2A23D59950009D9700;
					};
				};
			};
			buildConfigurationList = 31521E2623D59950009D9700 /* Build configuration list for PBXProject "paymentGateway2" */;
			compatibilityVersion = "Xcode 9.3";
			developmentRegion = en;
			hasScannedForEncodings = 0;
			knownRegions = (
				en,
				Base,
			);
			mainGroup = 31521E2223D59950009D9700;
			productRefGroup = 31521E2C23D59950009D9700 /* Products */;
			projectDirPath = "";
			projectRoot = "";
			targets = (
				31521E2A23D59950009D9700 /* paymentGateway2 */,
				31521E4323D59951009D9700 /* paymentGateway2Tests */,
				31521E4E23D59951009D9700 /* paymentGateway2UITests */,
			);
		};
/* End PBXProject section */

/* Begin PBXResourcesBuildPhase section */
		31521E2923D59950009D9700 /* Resources */ = {
			isa = PBXResourcesBuildPhase;
			buildActionMask = 2147483647;
			files = (
				31521E3E23D59951009D9700 /* LaunchScreen.storyboard in Resources */,
				31521E3B23D59951009D9700 /* Assets.xcassets in Resources */,
				31521E3623D59950009D9700 /* Main.storyboard in Resources */,
			);
			runOnlyForDeploymentPostprocessing = 0;
		};
		31521E4223D59951009D9700 /* Resources */ = {
			isa = PBXResourcesBuildPhase;
			buildActionMask = 2147483647;
			files = (
			);
			runOnlyForDeploymentPostprocessing = 0;
		};
		31521E4D23D59951009D9700 /* Resources */ = {
			isa = PBXResourcesBuildPhase;
			buildActionMask = 2147483647;
			files = (
			);
			runOnlyForDeploymentPostprocessing = 0;
		};
/* End PBXResourcesBuildPhase section */

/* Begin PBXShellScriptBuildPhase section */
		05E777FD8293DEB4B329636C /* [CP] Check Pods Manifest.lock */ = {
			isa = PBXShellScriptBuildPhase;
			buildActionMask = 2147483647;
			files = (
			);
			inputFileListPaths = (
			);
			inputPaths = (
				"${PODS_PODFILE_DIR_PATH}/Podfile.lock",
				"${PODS_ROOT}/Manifest.lock",
			);
			name = "[CP] Check Pods Manifest.lock";
			outputFileListPaths = (
			);
			outputPaths = (
				"$(DERIVED_FILE_DIR)/Pods-paymentGateway2-checkManifestLockResult.txt",
			);
			runOnlyForDeploymentPostprocessing = 0;
			shellPath = /bin/sh;
			shellScript = "diff \"${PODS_PODFILE_DIR_PATH}/Podfile.lock\" \"${PODS_ROOT}/Manifest.lock\" > /dev/null\nif [ $? != 0 ] ; then\n    # print error to STDERR\n    echo \"error: The sandbox is not in sync with the Podfile.lock. Run 'pod install' or update your CocoaPods installation.\" >&2\n    exit 1\nfi\n# This output is used by Xcode 'outputs' to avoid re-running this script phase.\necho \"SUCCESS\" > \"${SCRIPT_OUTPUT_FILE_0}\"\n";
			showEnvVarsInLog = 0;
		};
		3447DAFE2C73E1FF751D7DF7 /* [CP] Check Pods Manifest.lock */ = {
			isa = PBXShellScriptBuildPhase;
			buildActionMask = 2147483647;
			files = (
			);
			inputFileListPaths = (
			);
			inputPaths = (
				"${PODS_PODFILE_DIR_PATH}/Podfile.lock",
				"${PODS_ROOT}/Manifest.lock",
			);
			name = "[CP] Check Pods Manifest.lock";
			outputFileListPaths = (
			);
			outputPaths = (
				"$(DERIVED_FILE_DIR)/Pods-paymentGateway2-paymentGateway2UITests-checkManifestLockResult.txt",
			);
			runOnlyForDeploymentPostprocessing = 0;
			shellPath = /bin/sh;
			shellScript = "diff \"${PODS_PODFILE_DIR_PATH}/Podfile.lock\" \"${PODS_ROOT}/Manifest.lock\" > /dev/null\nif [ $? != 0 ] ; then\n    # print error to STDERR\n    echo \"error: The sandbox is not in sync with the Podfile.lock. Run 'pod install' or update your CocoaPods installation.\" >&2\n    exit 1\nfi\n# This output is used by Xcode 'outputs' to avoid re-running this script phase.\necho \"SUCCESS\" > \"${SCRIPT_OUTPUT_FILE_0}\"\n";
			showEnvVarsInLog = 0;
		};
		796FCD3A21A722AA4B20759E /* [CP] Embed Pods Frameworks */ = {
			isa = PBXShellScriptBuildPhase;
			buildActionMask = 2147483647;
			files = (
			);
			inputFileListPaths = (
				"${PODS_ROOT}/Target Support Files/Pods-paymentGateway2/Pods-paymentGateway2-frameworks-${CONFIGURATION}-input-files.xcfilelist",
			);
			name = "[CP] Embed Pods Frameworks";
			outputFileListPaths = (
				"${PODS_ROOT}/Target Support Files/Pods-paymentGateway2/Pods-paymentGateway2-frameworks-${CONFIGURATION}-output-files.xcfilelist",
			);
			runOnlyForDeploymentPostprocessing = 0;
			shellPath = /bin/sh;
			shellScript = "\"${PODS_ROOT}/Target Support Files/Pods-paymentGateway2/Pods-paymentGateway2-frameworks.sh\"\n";
			showEnvVarsInLog = 0;
		};
		C26F4E6933BAD307CE224E73 /* [CP] Check Pods Manifest.lock */ = {
			isa = PBXShellScriptBuildPhase;
			buildActionMask = 2147483647;
			files = (
			);
			inputFileListPaths = (
			);
			inputPaths = (
				"${PODS_PODFILE_DIR_PATH}/Podfile.lock",
				"${PODS_ROOT}/Manifest.lock",
			);
			name = "[CP] Check Pods Manifest.lock";
			outputFileListPaths = (
			);
			outputPaths = (
				"$(DERIVED_FILE_DIR)/Pods-paymentGateway2Tests-checkManifestLockResult.txt",
			);
			runOnlyForDeploymentPostprocessing = 0;
			shellPath = /bin/sh;
			shellScript = "diff \"${PODS_PODFILE_DIR_PATH}/Podfile.lock\" \"${PODS_ROOT}/Manifest.lock\" > /dev/null\nif [ $? != 0 ] ; then\n    # print error to STDERR\n    echo \"error: The sandbox is not in sync with the Podfile.lock. Run 'pod install' or update your CocoaPods installation.\" >&2\n    exit 1\nfi\n# This output is used by Xcode 'outputs' to avoid re-running this script phase.\necho \"SUCCESS\" > \"${SCRIPT_OUTPUT_FILE_0}\"\n";
			showEnvVarsInLog = 0;
		};
		E2B78B13C4B9F514F750A992 /* [CP] Embed Pods Frameworks */ = {
			isa = PBXShellScriptBuildPhase;
			buildActionMask = 2147483647;
			files = (
			);
			inputFileListPaths = (
				"${PODS_ROOT}/Target Support Files/Pods-paymentGateway2-paymentGateway2UITests/Pods-paymentGateway2-paymentGateway2UITests-frameworks-${CONFIGURATION}-input-files.xcfilelist",
			);
			name = "[CP] Embed Pods Frameworks";
			outputFileListPaths = (
				"${PODS_ROOT}/Target Support Files/Pods-paymentGateway2-paymentGateway2UITests/Pods-paymentGateway2-paymentGateway2UITests-frameworks-${CONFIGURATION}-output-files.xcfilelist",
			);
			runOnlyForDeploymentPostprocessing = 0;
			shellPath = /bin/sh;
			shellScript = "\"${PODS_ROOT}/Target Support Files/Pods-paymentGateway2-paymentGateway2UITests/Pods-paymentGateway2-paymentGateway2UITests-frameworks.sh\"\n";
			showEnvVarsInLog = 0;
		};
/* End PBXShellScriptBuildPhase section */

/* Begin PBXSourcesBuildPhase section */
		31521E2723D59950009D9700 /* Sources */ = {
			isa = PBXSourcesBuildPhase;
			buildActionMask = 2147483647;
			files = (
				31521E3323D59950009D9700 /* ViewController.swift in Sources */,
				31521E2F23D59950009D9700 /* AppDelegate.swift in Sources */,
				31521E3923D59950009D9700 /* paymentGateway2.xcdatamodeld in Sources */,
				31521E3123D59950009D9700 /* SceneDelegate.swift in Sources */,
			);
			runOnlyForDeploymentPostprocessing = 0;
		};
		31521E4023D59951009D9700 /* Sources */ = {
			isa = PBXSourcesBuildPhase;
			buildActionMask = 2147483647;
			files = (
				31521E4923D59951009D9700 /* paymentGateway2Tests.swift in Sources */,
			);
			runOnlyForDeploymentPostprocessing = 0;
		};
		31521E4B23D59951009D9700 /* Sources */ = {
			isa = PBXSourcesBuildPhase;
			buildActionMask = 2147483647;
			files = (
				31521E5423D59951009D9700 /* paymentGateway2UITests.swift in Sources */,
			);
			runOnlyForDeploymentPostprocessing = 0;
		};
/* End PBXSourcesBuildPhase section */

/* Begin PBXTargetDependency section */
		31521E4623D59951009D9700 /* PBXTargetDependency */ = {
			isa = PBXTargetDependency;
			target = 31521E2A23D59950009D9700 /* paymentGateway2 */;
			targetProxy = 31521E4523D59951009D9700 /* PBXContainerItemProxy */;
		};
		31521E5123D59951009D9700 /* PBXTargetDependency */ = {
			isa = PBXTargetDependency;
			target = 31521E2A23D59950009D9700 /* paymentGateway2 */;
			targetProxy = 31521E5023D59951009D9700 /* PBXContainerItemProxy */;
		};
/* End PBXTargetDependency section */

/* Begin PBXVariantGroup section */
		31521E3423D59950009D9700 /* Main.storyboard */ = {
			isa = PBXVariantGroup;
			children = (
				31521E3523D59950009D9700 /* Base */,
			);
			name = Main.storyboard;
			sourceTree = "<group>";
		};
		31521E3C23D59951009D9700 /* LaunchScreen.storyboard */ = {
			isa = PBXVariantGroup;
			children = (
				31521E3D23D59951009D9700 /* Base */,
			);
			name = LaunchScreen.storyboard;
			sourceTree = "<group>";
		};
/* End PBXVariantGroup section */

/* Begin XCBuildConfiguration section */
		31521E5623D59951009D9700 /* Debug */ = {
			isa = XCBuildConfiguration;
			buildSettings = {
				ALWAYS_SEARCH_USER_PATHS = NO;
				CLANG_ANALYZER_NONNULL = YES;
				CLANG_ANALYZER_NUMBER_OBJECT_CONVERSION = YES_AGGRESSIVE;
				CLANG_CXX_LANGUAGE_STANDARD = "gnu++14";
				CLANG_CXX_LIBRARY = "libc++";
				CLANG_ENABLE_MODULES = YES;
				CLANG_ENABLE_OBJC_ARC = YES;
				CLANG_ENABLE_OBJC_WEAK = YES;
				CLANG_WARN_BLOCK_CAPTURE_AUTORELEASING = YES;
				CLANG_WARN_BOOL_CONVERSION = YES;
				CLANG_WARN_COMMA = YES;
				CLANG_WARN_CONSTANT_CONVERSION = YES;
				CLANG_WARN_DEPRECATED_OBJC_IMPLEMENTATIONS = YES;
				CLANG_WARN_DIRECT_OBJC_ISA_USAGE = YES_ERROR;
				CLANG_WARN_DOCUMENTATION_COMMENTS = YES;
				CLANG_WARN_EMPTY_BODY = YES;
				CLANG_WARN_ENUM_CONVERSION = YES;
				CLANG_WARN_INFINITE_RECURSION = YES;
				CLANG_WARN_INT_CONVERSION = YES;
				CLANG_WARN_NON_LITERAL_NULL_CONVERSION = YES;
				CLANG_WARN_OBJC_IMPLICIT_RETAIN_SELF = YES;
				CLANG_WARN_OBJC_LITERAL_CONVERSION = YES;
				CLANG_WARN_OBJC_ROOT_CLASS = YES_ERROR;
				CLANG_WARN_RANGE_LOOP_ANALYSIS = YES;
				CLANG_WARN_STRICT_PROTOTYPES = YES;
				CLANG_WARN_SUSPICIOUS_MOVE = YES;
				CLANG_WARN_UNGUARDED_AVAILABILITY = YES_AGGRESSIVE;
				CLANG_WARN_UNREACHABLE_CODE = YES;
				CLANG_WARN__DUPLICATE_METHOD_MATCH = YES;
				COPY_PHASE_STRIP = NO;
				DEBUG_INFORMATION_FORMAT = dwarf;
				ENABLE_STRICT_OBJC_MSGSEND = YES;
				ENABLE_TESTABILITY = YES;
				GCC_C_LANGUAGE_STANDARD = gnu11;
				GCC_DYNAMIC_NO_PIC = NO;
				GCC_NO_COMMON_BLOCKS = YES;
				GCC_OPTIMIZATION_LEVEL = 0;
				GCC_PREPROCESSOR_DEFINITIONS = (
					"DEBUG=1",
					"$(inherited)",
				);
				GCC_WARN_64_TO_32_BIT_CONVERSION = YES;
				GCC_WARN_ABOUT_RETURN_TYPE = YES_ERROR;
				GCC_WARN_UNDECLARED_SELECTOR = YES;
				GCC_WARN_UNINITIALIZED_AUTOS = YES_AGGRESSIVE;
				GCC_WARN_UNUSED_FUNCTION = YES;
				GCC_WARN_UNUSED_VARIABLE = YES;
				IPHONEOS_DEPLOYMENT_TARGET = 13.2;
				MTL_ENABLE_DEBUG_INFO = INCLUDE_SOURCE;
				MTL_FAST_MATH = YES;
				ONLY_ACTIVE_ARCH = YES;
				SDKROOT = iphoneos;
				SWIFT_ACTIVE_COMPILATION_CONDITIONS = DEBUG;
				SWIFT_OPTIMIZATION_LEVEL = "-Onone";
			};
			name = Debug;
		};
		31521E5723D59951009D9700 /* Release */ = {
			isa = XCBuildConfiguration;
			buildSettings = {
				ALWAYS_SEARCH_USER_PATHS = NO;
				CLANG_ANALYZER_NONNULL = YES;
				CLANG_ANALYZER_NUMBER_OBJECT_CONVERSION = YES_AGGRESSIVE;
				CLANG_CXX_LANGUAGE_STANDARD = "gnu++14";
				CLANG_CXX_LIBRARY = "libc++";
				CLANG_ENABLE_MODULES = YES;
				CLANG_ENABLE_OBJC_ARC = YES;
				CLANG_ENABLE_OBJC_WEAK = YES;
				CLANG_WARN_BLOCK_CAPTURE_AUTORELEASING = YES;
				CLANG_WARN_BOOL_CONVERSION = YES;
				CLANG_WARN_COMMA = YES;
				CLANG_WARN_CONSTANT_CONVERSION = YES;
				CLANG_WARN_DEPRECATED_OBJC_IMPLEMENTATIONS = YES;
				CLANG_WARN_DIRECT_OBJC_ISA_USAGE = YES_ERROR;
				CLANG_WARN_DOCUMENTATION_COMMENTS = YES;
				CLANG_WARN_EMPTY_BODY = YES;
				CLANG_WARN_ENUM_CONVERSION = YES;
				CLANG_WARN_INFINITE_RECURSION = YES;
				CLANG_WARN_INT_CONVERSION = YES;
				CLANG_WARN_NON_LITERAL_NULL_CONVERSION = YES;
				CLANG_WARN_OBJC_IMPLICIT_RETAIN_SELF = YES;
				CLANG_WARN_OBJC_LITERAL_CONVERSION = YES;
				CLANG_WARN_OBJC_ROOT_CLASS = YES_ERROR;
				CLANG_WARN_RANGE_LOOP_ANALYSIS = YES;
				CLANG_WARN_STRICT_PROTOTYPES = YES;
				CLANG_WARN_SUSPICIOUS_MOVE = YES;
				CLANG_WARN_UNGUARDED_AVAILABILITY = YES_AGGRESSIVE;
				CLANG_WARN_UNREACHABLE_CODE = YES;
				CLANG_WARN__DUPLICATE_METHOD_MATCH = YES;
				COPY_PHASE_STRIP = NO;
				DEBUG_INFORMATION_FORMAT = "dwarf-with-dsym";
				ENABLE_NS_ASSERTIONS = NO;
				ENABLE_STRICT_OBJC_MSGSEND = YES;
				GCC_C_LANGUAGE_STANDARD = gnu11;
				GCC_NO_COMMON_BLOCKS = YES;
				GCC_WARN_64_TO_32_BIT_CONVERSION = YES;
				GCC_WARN_ABOUT_RETURN_TYPE = YES_ERROR;
				GCC_WARN_UNDECLARED_SELECTOR = YES;
				GCC_WARN_UNINITIALIZED_AUTOS = YES_AGGRESSIVE;
				GCC_WARN_UNUSED_FUNCTION = YES;
				GCC_WARN_UNUSED_VARIABLE = YES;
				IPHONEOS_DEPLOYMENT_TARGET = 13.2;
				MTL_ENABLE_DEBUG_INFO = NO;
				MTL_FAST_MATH = YES;
				SDKROOT = iphoneos;
				SWIFT_COMPILATION_MODE = wholemodule;
				SWIFT_OPTIMIZATION_LEVEL = "-O";
				VALIDATE_PRODUCT = YES;
			};
			name = Release;
		};
		31521E5923D59951009D9700 /* Debug */ = {
			isa = XCBuildConfiguration;
			baseConfigurationReference = 34945537777FB7652F0013D8 /* Pods-paymentGateway2.debug.xcconfig */;
			buildSettings = {
				ASSETCATALOG_COMPILER_APPICON_NAME = AppIcon;
				CODE_SIGN_STYLE = Automatic;
				INFOPLIST_FILE = paymentGateway2/Info.plist;
				LD_RUNPATH_SEARCH_PATHS = (
					"$(inherited)",
					"@executable_path/Frameworks",
				);
				PRODUCT_BUNDLE_IDENTIFIER = shanth.paymentGateway2;
				PRODUCT_NAME = "$(TARGET_NAME)";
				SWIFT_VERSION = 5.0;
				TARGETED_DEVICE_FAMILY = "1,2";
			};
			name = Debug;
		};
		31521E5A23D59951009D9700 /* Release */ = {
			isa = XCBuildConfiguration;
			baseConfigurationReference = 65317ED37328E19D7500B51D /* Pods-paymentGateway2.release.xcconfig */;
			buildSettings = {
				ASSETCATALOG_COMPILER_APPICON_NAME = AppIcon;
				CODE_SIGN_STYLE = Automatic;
				INFOPLIST_FILE = paymentGateway2/Info.plist;
				LD_RUNPATH_SEARCH_PATHS = (
					"$(inherited)",
					"@executable_path/Frameworks",
				);
				PRODUCT_BUNDLE_IDENTIFIER = shanth.paymentGateway2;
				PRODUCT_NAME = "$(TARGET_NAME)";
				SWIFT_VERSION = 5.0;
				TARGETED_DEVICE_FAMILY = "1,2";
			};
			name = Release;
		};
		31521E5C23D59951009D9700 /* Debug */ = {
			isa = XCBuildConfiguration;
			baseConfigurationReference = DACD0F3B58378D65CD5B937A /* Pods-paymentGateway2Tests.debug.xcconfig */;
			buildSettings = {
				ALWAYS_EMBED_SWIFT_STANDARD_LIBRARIES = YES;
				BUNDLE_LOADER = "$(TEST_HOST)";
				CODE_SIGN_STYLE = Automatic;
				INFOPLIST_FILE = paymentGateway2Tests/Info.plist;
				IPHONEOS_DEPLOYMENT_TARGET = 13.2;
				LD_RUNPATH_SEARCH_PATHS = (
					"$(inherited)",
					"@executable_path/Frameworks",
					"@loader_path/Frameworks",
				);
				PRODUCT_BUNDLE_IDENTIFIER = shanth.paymentGateway2Tests;
				PRODUCT_NAME = "$(TARGET_NAME)";
				SWIFT_VERSION = 5.0;
				TARGETED_DEVICE_FAMILY = "1,2";
				TEST_HOST = "$(BUILT_PRODUCTS_DIR)/paymentGateway2.app/paymentGateway2";
			};
			name = Debug;
		};
		31521E5D23D59951009D9700 /* Release */ = {
			isa = XCBuildConfiguration;
			baseConfigurationReference = 1BA727E1FAEF37B27A86FD5F /* Pods-paymentGateway2Tests.release.xcconfig */;
			buildSettings = {
				ALWAYS_EMBED_SWIFT_STANDARD_LIBRARIES = YES;
				BUNDLE_LOADER = "$(TEST_HOST)";
				CODE_SIGN_STYLE = Automatic;
				INFOPLIST_FILE = paymentGateway2Tests/Info.plist;
				IPHONEOS_DEPLOYMENT_TARGET = 13.2;
				LD_RUNPATH_SEARCH_PATHS = (
					"$(inherited)",
					"@executable_path/Frameworks",
					"@loader_path/Frameworks",
				);
				PRODUCT_BUNDLE_IDENTIFIER = shanth.paymentGateway2Tests;
				PRODUCT_NAME = "$(TARGET_NAME)";
				SWIFT_VERSION = 5.0;
				TARGETED_DEVICE_FAMILY = "1,2";
				TEST_HOST = "$(BUILT_PRODUCTS_DIR)/paymentGateway2.app/paymentGateway2";
			};
			name = Release;
		};
		31521E5F23D59951009D9700 /* Debug */ = {
			isa = XCBuildConfiguration;
			baseConfigurationReference = F7A6193C8CC22D643F50C322 /* Pods-paymentGateway2-paymentGateway2UITests.debug.xcconfig */;
			buildSettings = {
				ALWAYS_EMBED_SWIFT_STANDARD_LIBRARIES = YES;
				CODE_SIGN_STYLE = Automatic;
				INFOPLIST_FILE = paymentGateway2UITests/Info.plist;
				LD_RUNPATH_SEARCH_PATHS = (
					"$(inherited)",
					"@executable_path/Frameworks",
					"@loader_path/Frameworks",
				);
				PRODUCT_BUNDLE_IDENTIFIER = shanth.paymentGateway2UITests;
				PRODUCT_NAME = "$(TARGET_NAME)";
				SWIFT_VERSION = 5.0;
				TARGETED_DEVICE_FAMILY = "1,2";
				TEST_TARGET_NAME = paymentGateway2;
			};
			name = Debug;
		};
		31521E6023D59951009D9700 /* Release */ = {
			isa = XCBuildConfiguration;
			baseConfigurationReference = 08DEDBAFF00DC3D0C6B9484B /* Pods-paymentGateway2-paymentGateway2UITests.release.xcconfig */;
			buildSettings = {
				ALWAYS_EMBED_SWIFT_STANDARD_LIBRARIES = YES;
				CODE_SIGN_STYLE = Automatic;
				INFOPLIST_FILE = paymentGateway2UITests/Info.plist;
				LD_RUNPATH_SEARCH_PATHS = (
					"$(inherited)",
					"@executable_path/Frameworks",
					"@loader_path/Frameworks",
				);
				PRODUCT_BUNDLE_IDENTIFIER = shanth.paymentGateway2UITests;
				PRODUCT_NAME = "$(TARGET_NAME)";
				SWIFT_VERSION = 5.0;
				TARGETED_DEVICE_FAMILY = "1,2";
				TEST_TARGET_NAME = paymentGateway2;
			};
			name = Release;
		};
/* End XCBuildConfiguration section */

/* Begin XCConfigurationList section */
		31521E2623D59950009D9700 /* Build configuration list for PBXProject "paymentGateway2" */ = {
			isa = XCConfigurationList;
			buildConfigurations = (
				31521E5623D59951009D9700 /* Debug */,
				31521E5723D59951009D9700 /* Release */,
			);
			defaultConfigurationIsVisible = 0;
			defaultConfigurationName = Release;
		};
		31521E5823D59951009D9700 /* Build configuration list for PBXNativeTarget "paymentGateway2" */ = {
			isa = XCConfigurationList;
			buildConfigurations = (
				31521E5923D59951009D9700 /* Debug */,
				31521E5A23D59951009D9700 /* Release */,
			);
			defaultConfigurationIsVisible = 0;
			defaultConfigurationName = Release;
		};
		31521E5B23D59951009D9700 /* Build configuration list for PBXNativeTarget "paymentGateway2Tests" */ = {
			isa = XCConfigurationList;
			buildConfigurations = (
				31521E5C23D59951009D9700 /* Debug */,
				31521E5D23D59951009D9700 /* Release */,
			);
			defaultConfigurationIsVisible = 0;
			defaultConfigurationName = Release;
		};
		31521E5E23D59951009D9700 /* Build configuration list for PBXNativeTarget "paymentGateway2UITests" */ = {
			isa = XCConfigurationList;
			buildConfigurations = (
				31521E5F23D59951009D9700 /* Debug */,
				31521E6023D59951009D9700 /* Release */,
			);
			defaultConfigurationIsVisible = 0;
			defaultConfigurationName = Release;
		};
/* End XCConfigurationList section */

/* Begin XCVersionGroup section */
		31521E3723D59950009D9700 /* paymentGateway2.xcdatamodeld */ = {
			isa = XCVersionGroup;
			children = (
				31521E3823D59950009D9700 /* paymentGateway2.xcdatamodel */,
			);
			currentVersion = 31521E3823D59950009D9700 /* paymentGateway2.xcdatamodel */;
			path = paymentGateway2.xcdatamodeld;
			sourceTree = "<group>";
			versionGroupType = wrapper.xcdatamodel;
		};
/* End XCVersionGroup section */
	};
	rootObject = 31521E2323D59950009D9700 /* Project object */;
}
