// !$*UTF8*$!
{
	archiveVersion = 1;
	classes = {
	};
	objectVersion = 50;
	objects = {

/* Begin PBXBuildFile section */
		31521E2F23D59950009D9700 /* AppDelegate.swift in Sources */ = {isa = PBXBuildFile; fileRef = 31521E2E23D59950009D9700 /* AppDelegate.swift */; };
		31521E3123D59950009D9700 /* SceneDelegate.swift in Sources */ = {isa = PBXBuildFile; fileRef = 31521E3023D59950009D9700 /* SceneDelegate.swift */; };
		31521E3323D59950009D9700 /* ViewController.swift in Sources */ = {isa = PBXBuildFile; fileRef = 31521E3223D59950009D9700 /* ViewController.swift */; };
		31521E3623D59950009D9700 /* Main.storyboard in Resources */ = {isa = PBXBuildFile; fileRef = 31521E3423D59950009D9700 /* Main.storyboard */; };
		31521E3923D59950009D9700 /* paymentGateway2.xcdatamodeld in Sources */ = {isa = PBXBuildFile; fileRef = 31521E3723D59950009D9700 /* paymentGateway2.xcdatamodeld */; };
		31521E3B23D59951009D9700 /* Assets.xcassets in Resources */ = {isa = PBXBuildFile; fileRef = 31521E3A23D59951009D9700 /* Assets.xcassets */; };
		31521E3E23D59951009D9700 /* LaunchScreen.storyboard in Resources */ = {isa = PBXBuildFile; fileRef = 31521E3C23D59951009D9700 /* LaunchScreen.storyboard */; };
		31521E4923D59951009D9700 /* paymentGateway2Tests.swift in Sources */ = {isa = PBXBuildFile; fileRef = 31521E4823D59951009D9700 /* paymentGateway2Tests.swift */; };
		31521E5423D59951009D9700 /* paymentGateway2UITests.swift in Sources */ = {isa = PBXBuildFile; fileRef = 31521E5323D59951009D9700 /* paymentGateway2UITests.swift */; };
/* End PBXBuildFile section */

/* Begin PBXContainerItemProxy section */
		31521E4523D59951009D9700 /* PBXContainerItemProxy */ = {
			isa = PBXContainerItemProxy;
			containerPortal = 31521E2323D59950009D9700 /* Project object */;
			proxyType = 1;
			remoteGlobalIDString = 31521E2A23D59950009D9700;
			remoteInfo = paymentGateway2;
		};
		31521E5023D59951009D9700 /* PBXContainerItemProxy */ = {
			isa = PBXContainerItemProxy;
			containerPortal = 31521E2323D59950009D9700 /* Project object */;
			proxyType = 1;
			remoteGlobalIDString = 31521E2A23D59950009D9700;
			remoteInfo = paymentGateway2;
		};
/* End PBXContainerItemProxy section */

/* Begin PBXFileReference section */
		31521E2B23D59950009D9700 /* paymentGateway2.app */ = {isa = PBXFileReference; explicitFileType = wrapper.application; includeInIndex = 0; path = paymentGateway2.app; sourceTree = BUILT_PRODUCTS_DIR; };
		31521E2E23D59950009D9700 /* AppDelegate.swift */ = {isa = PBXFileReference; lastKnownFileType = sourcecode.swift; path = AppDelegate.swift; sourceTree = "<group>"; };
		31521E3023D59950009D9700 /* SceneDelegate.swift */ = {isa = PBXFileReference; lastKnownFileType = sourcecode.swift; path = SceneDelegate.swift; sourceTree = "<group>"; };
		31521E3223D59950009D9700 /* ViewController.swift */ = {isa = PBXFileReference; lastKnownFileType = sourcecode.swift; path = ViewController.swift; sourceTree = "<group>"; };
		31521E3523D59950009D9700 /* Base */ = {isa = PBXFileReference; lastKnownFileType = file.storyboard; name = Base; path = Base.lproj/Main.storyboard; sourceTree = "<group>"; };
		31521E3823D59950009D9700 /* paymentGateway2.xcdatamodel */ = {isa = PBXFileReference; lastKnownFileType = wrapper.xcdatamodel; path = paymentGateway2.xcdatamodel; sourceTree = "<group>"; };
		31521E3A23D59951009D9700 /* Assets.xcassets */ = {isa = PBXFileReference; lastKnownFileType = folder.assetcatalog; path = Assets.xcassets; sourceTree = "<group>"; };
		31521E3D23D59951009D9700 /* Base */ = {isa = PBXFileReference; lastKnownFileType = file.storyboard; name = Base; path = Base.lproj/LaunchScreen.storyboard; sourceTree = "<group>"; };
		31521E3F23D59951009D9700 /* Info.plist */ = {isa = PBXFileReference; lastKnownFileType = text.plist.xml; path = Info.plist; sourceTree = "<group>"; };
		31521E4423D59951009D9700 /* paymentGateway2Tests.xctest */ = {isa = PBXFileReference; explicitFileType = wrapper.cfbundle; includeInIndex = 0; path = paymentGateway2Tests.xctest; sourceTree = BUILT_PRODUCTS_DIR; };
		31521E4823D59951009D9700 /* paymentGateway2Tests.swift */ = {isa = PBXFileReference; lastKnownFileType = sourcecode.swift; path = paymentGateway2Tests.swift; sourceTree = "<group>"; };
		31521E4A23D59951009D9700 /* Info.plist */ = {isa = PBXFileReference; lastKnownFileType = text.plist.xml; path = Info.plist; sourceTree = "<group>"; };
		31521E4F23D59951009D9700 /* paymentGateway2UITests.xctest */ = {isa = PBXFileReference; explicitFileType = wrapper.cfbundle; includeInIndex = 0; path = paymentGateway2UITests.xctest; sourceTree = BUILT_PRODUCTS_DIR; };
		31521E5323D59951009D9700 /* paymentGateway2UITests.swift */ = {isa = PBXFileReference; lastKnownFileType = sourcecode.swift; path = paymentGateway2UITests.swift; sourceTree = "<group>"; };
		31521E5523D59951009D9700 /* Info.plist */ = {isa = PBXFileReference; lastKnownFileType = text.plist.xml; path = Info.plist; sourceTree = "<group>"; };
/* End PBXFileReference section */

/* Begin PBXFrameworksBuildPhase section */
		31521E2823D59950009D9700 /* Frameworks */ = {
			isa = PBXFrameworksBuildPhase;
			buildActionMask = 2147483647;
			files = (
			);
			runOnlyForDeploymentPostprocessing = 0;
		};
		31521E4123D59951009D9700 /* Frameworks */ = {
			isa = PBXFrameworksBuildPhase;
			buildActionMask = 2147483647;
			files = (
			);
			runOnlyForDeploymentPostprocessing = 0;
		};
		31521E4C23D59951009D9700 /* Frameworks */ = {
			isa = PBXFrameworksBuildPhase;
			buildActionMask = 2147483647;
			files = (
			);
			runOnlyForDeploymentPostprocessing = 0;
		};
/* End PBXFrameworksBuildPhase section */

/* Begin PBXGroup section */
		31521E2223D59950009D9700 = {
			isa = PBXGroup;
			children = (
				31521E2D23D59950009D9700 /* paymentGateway2 */,
				31521E4723D59951009D9700 /* paymentGateway2Tests */,
				31521E5223D59951009D9700 /* paymentGateway2UITests */,
				31521E2C23D59950009D9700 /* Products */,
			);
			sourceTree = "<group>";
		};
		31521E2C23D59950009D9700 /* Products */ = {
			isa = PBXGroup;
			children = (
				31521E2B23D59950009D9700 /* paymentGateway2.app */,
				31521E4423D59951009D9700 /* paymentGateway2Tests.xctest */,
				31521E4F23D59951009D9700 /* paymentGateway2UITests.xctest */,
			);
			name = Products;
			sourceTree = "<group>";
		};
		31521E2D23D59950009D9700 /* paymentGateway2 */ = {
			isa = PBXGroup;
			children = (
				31521E2E23D59950009D9700 /* AppDelegate.swift */,
				31521E3023D59950009D9700 /* SceneDelegate.swift */,
				31521E3223D59950009D9700 /* ViewController.swift */,
				31521E3423D59950009D9700 /* Main.storyboard */,
				31521E3A23D59951009D9700 /* Assets.xcassets */,
				31521E3C23D59951009D9700 /* LaunchScreen.storyboard */,
				31521E3F23D59951009D9700 /* Info.plist */,
				31521E3723D59950009D9700 /* paymentGateway2.xcdatamodeld */,
			);
			path = paymentGateway2;
			sourceTree = "<group>";
		};
		31521E4723D59951009D9700 /* paymentGateway2Tests */ = {
			isa = PBXGroup;
			children = (
				31521E4823D59951009D9700 /* paymentGateway2Tests.swift */,
				31521E4A23D59951009D9700 /* Info.plist */,
			);
			path = paymentGateway2Tests;
			sourceTree = "<group>";
		};
		31521E5223D59951009D9700 /* paymentGateway2UITests */ = {
			isa = PBXGroup;
			children = (
				31521E5323D59951009D9700 /* paymentGateway2UITests.swift */,
				31521E5523D59951009D9700 /* Info.plist */,
			);
			path = paymentGateway2UITests;
			sourceTree = "<group>";
		};
/* End PBXGroup section */

/* Begin PBXNativeTarget section */
		31521E2A23D59950009D9700 /* paymentGateway2 */ = {
			isa = PBXNativeTarget;
			buildConfigurationList = 31521E5823D59951009D9700 /* Build configuration list for PBXNativeTarget "paymentGateway2" */;
			buildPhases = (
				31521E2723D59950009D9700 /* Sources */,
				31521E2823D59950009D9700 /* Frameworks */,
				31521E2923D59950009D9700 /* Resources */,
			);
			buildRules = (
			);
			dependencies = (
			);
			name = paymentGateway2;
			productName = paymentGateway2;
			productReference = 31521E2B23D59950009D9700 /* paymentGateway2.app */;
			productType = "com.apple.product-type.application";
		};
		31521E4323D59951009D9700 /* paymentGateway2Tests */ = {
			isa = PBXNativeTarget;
			buildConfigurationList = 31521E5B23D59951009D9700 /* Build configuration list for PBXNativeTarget "paymentGateway2Tests" */;
			buildPhases = (
				31521E4023D59951009D9700 /* Sources */,
				31521E4123D59951009D9700 /* Frameworks */,
				31521E4223D59951009D9700 /* Resources */,
			);
			buildRules = (
			);
			dependencies = (
				31521E4623D59951009D9700 /* PBXTargetDependency */,
			);
			name = paymentGateway2Tests;
			productName = paymentGateway2Tests;
			productReference = 31521E4423D59951009D9700 /* paymentGateway2Tests.xctest */;
			productType = "com.apple.product-type.bundle.unit-test";
		};
		31521E4E23D59951009D9700 /* paymentGateway2UITests */ = {
			isa = PBXNativeTarget;
			buildConfigurationList = 31521E5E23D59951009D9700 /* Build configuration list for PBXNativeTarget "paymentGateway2UITests" */;
			buildPhases = (
				31521E4B23D59951009D9700 /* Sources */,
				31521E4C23D59951009D9700 /* Frameworks */,
				31521E4D23D59951009D9700 /* Resources */,
			);
			buildRules = (
			);
			dependencies = (
				31521E5123D59951009D9700 /* PBXTargetDependency */,
			);
			name = paymentGateway2UITests;
			productName = paymentGateway2UITests;
			productReference = 31521E4F23D59951009D9700 /* paymentGateway2UITests.xctest */;
			productType = "com.apple.product-type.bundle.ui-testing";
		};
/* End PBXNativeTarget section */

/* Begin PBXProject section */
		31521E2323D59950009D9700 /* Project object */ = {
			isa = PBXProject;
			attributes = {
				LastSwiftUpdateCheck = 1130;
				LastUpgradeCheck = 1130;
				ORGANIZATIONNAME = "R Shantha Kumar";
				TargetAttributes = {
					31521E2A23D59950009D9700 = {
						CreatedOnToolsVersion = 11.3;
					};
					31521E4323D59951009D9700 = {
						CreatedOnToolsVersion = 11.3;
						TestTargetID = 31521E2A23D59950009D9700;
					};
					31521E4E23D59951009D9700 = {
						CreatedOnToolsVersion = 11.3;
						TestTargetID = 31521E2A23D59950009D9700;
					};
				};
			};
			buildConfigurationList = 31521E2623D59950009D9700 /* Build configuration list for PBXProject "paymentGateway2" */;
			compatibilityVersion = "Xcode 9.3";
			developmentRegion = en;
			hasScannedForEncodings = 0;
			knownRegions = (
				en,
				Base,
			);
			mainGroup = 31521E2223D59950009D9700;
			productRefGroup = 31521E2C23D59950009D9700 /* Products */;
			projectDirPath = "";
			projectRoot = "";
			targets = (
				31521E2A23D59950009D9700 /* paymentGateway2 */,
				31521E4323D59951009D9700 /* paymentGateway2Tests */,
				31521E4E23D59951009D9700 /* paymentGateway2UITests */,
			);
		};
/* End PBXProject section */

/* Begin PBXResourcesBuildPhase section */
		31521E2923D59950009D9700 /* Resources */ = {
			isa = PBXResourcesBuildPhase;
			buildActionMask = 2147483647;
			files = (
				31521E3E23D59951009D9700 /* LaunchScreen.storyboard in Resources */,
				31521E3B23D59951009D9700 /* Assets.xcassets in Resources */,
				31521E3623D59950009D9700 /* Main.storyboard in Resources */,
			);
			runOnlyForDeploymentPostprocessing = 0;
		};
		31521E4223D59951009D9700 /* Resources */ = {
			isa = PBXResourcesBuildPhase;
			buildActionMask = 2147483647;
			files = (
			);
			runOnlyForDeploymentPostprocessing = 0;
		};
		31521E4D23D59951009D9700 /* Resources */ = {
			isa = PBXResourcesBuildPhase;
			buildActionMask = 2147483647;
			files = (
			);
			runOnlyForDeploymentPostprocessing = 0;
		};
/* End PBXResourcesBuildPhase section */

/* Begin PBXSourcesBuildPhase section */
		31521E2723D59950009D9700 /* Sources */ = {
			isa = PBXSourcesBuildPhase;
			buildActionMask = 2147483647;
			files = (
				31521E3323D59950009D9700 /* ViewController.swift in Sources */,
				31521E2F23D59950009D9700 /* AppDelegate.swift in Sources */,
				31521E3923D59950009D9700 /* paymentGateway2.xcdatamodeld in Sources */,
				31521E3123D59950009D9700 /* SceneDelegate.swift in Sources */,
			);
			runOnlyForDeploymentPostprocessing = 0;
		};
		31521E4023D59951009D9700 /* Sources */ = {
			isa = PBXSourcesBuildPhase;
			buildActionMask = 2147483647;
			files = (
				31521E4923D59951009D9700 /* paymentGateway2Tests.swift in Sources */,
			);
			runOnlyForDeploymentPostprocessing = 0;
		};
		31521E4B23D59951009D9700 /* Sources */ = {
			isa = PBXSourcesBuildPhase;
			buildActionMask = 2147483647;
			files = (
				31521E5423D59951009D9700 /* paymentGateway2UITests.swift in Sources */,
			);
			runOnlyForDeploymentPostprocessing = 0;
		};
/* End PBXSourcesBuildPhase section */

/* Begin PBXTargetDependency section */
		31521E4623D59951009D9700 /* PBXTargetDependency */ = {
			isa = PBXTargetDependency;
			target = 31521E2A23D59950009D9700 /* paymentGateway2 */;
			targetProxy = 31521E4523D59951009D9700 /* PBXContainerItemProxy */;
		};
		31521E5123D59951009D9700 /* PBXTargetDependency */ = {
			isa = PBXTargetDependency;
			target = 31521E2A23D59950009D9700 /* paymentGateway2 */;
			targetProxy = 31521E5023D59951009D9700 /* PBXContainerItemProxy */;
		};
/* End PBXTargetDependency section */

/* Begin PBXVariantGroup section */
		31521E3423D59950009D9700 /* Main.storyboard */ = {
			isa = PBXVariantGroup;
			children = (
				31521E3523D59950009D9700 /* Base */,
			);
			name = Main.storyboard;
			sourceTree = "<group>";
		};
		31521E3C23D59951009D9700 /* LaunchScreen.storyboard */ = {
			isa = PBXVariantGroup;
			children = (
				31521E3D23D59951009D9700 /* Base */,
			);
			name = LaunchScreen.storyboard;
			sourceTree = "<group>";
		};
/* End PBXVariantGroup section */

/* Begin XCBuildConfiguration section */
		31521E5623D59951009D9700 /* Debug */ = {
			isa = XCBuildConfiguration;
			buildSettings = {
				ALWAYS_SEARCH_USER_PATHS = NO;
				CLANG_ANALYZER_NONNULL = YES;
				CLANG_ANALYZER_NUMBER_OBJECT_CONVERSION = YES_AGGRESSIVE;
				CLANG_CXX_LANGUAGE_STANDARD = "gnu++14";
				CLANG_CXX_LIBRARY = "libc++";
				CLANG_ENABLE_MODULES = YES;
				CLANG_ENABLE_OBJC_ARC = YES;
				CLANG_ENABLE_OBJC_WEAK = YES;
				CLANG_WARN_BLOCK_CAPTURE_AUTORELEASING = YES;
				CLANG_WARN_BOOL_CONVERSION = YES;
				CLANG_WARN_COMMA = YES;
				CLANG_WARN_CONSTANT_CONVERSION = YES;
				CLANG_WARN_DEPRECATED_OBJC_IMPLEMENTATIONS = YES;
				CLANG_WARN_DIRECT_OBJC_ISA_USAGE = YES_ERROR;
				CLANG_WARN_DOCUMENTATION_COMMENTS = YES;
				CLANG_WARN_EMPTY_BODY = YES;
				CLANG_WARN_ENUM_CONVERSION = YES;
				CLANG_WARN_INFINITE_RECURSION = YES;
				CLANG_WARN_INT_CONVERSION = YES;
				CLANG_WARN_NON_LITERAL_NULL_CONVERSION = YES;
				CLANG_WARN_OBJC_IMPLICIT_RETAIN_SELF = YES;
				CLANG_WARN_OBJC_LITERAL_CONVERSION = YES;
				CLANG_WARN_OBJC_ROOT_CLASS = YES_ERROR;
				CLANG_WARN_RANGE_LOOP_ANALYSIS = YES;
				CLANG_WARN_STRICT_PROTOTYPES = YES;
				CLANG_WARN_SUSPICIOUS_MOVE = YES;
				CLANG_WARN_UNGUARDED_AVAILABILITY = YES_AGGRESSIVE;
				CLANG_WARN_UNREACHABLE_CODE = YES;
				CLANG_WARN__DUPLICATE_METHOD_MATCH = YES;
				COPY_PHASE_STRIP = NO;
				DEBUG_INFORMATION_FORMAT = dwarf;
				ENABLE_STRICT_OBJC_MSGSEND = YES;
				ENABLE_TESTABILITY = YES;
				GCC_C_LANGUAGE_STANDARD = gnu11;
				GCC_DYNAMIC_NO_PIC = NO;
				GCC_NO_COMMON_BLOCKS = YES;
				GCC_OPTIMIZATION_LEVEL = 0;
				GCC_PREPROCESSOR_DEFINITIONS = (
					"DEBUG=1",
					"$(inherited)",
				);
				GCC_WARN_64_TO_32_BIT_CONVERSION = YES;
				GCC_WARN_ABOUT_RETURN_TYPE = YES_ERROR;
				GCC_WARN_UNDECLARED_SELECTOR = YES;
				GCC_WARN_UNINITIALIZED_AUTOS = YES_AGGRESSIVE;
				GCC_WARN_UNUSED_FUNCTION = YES;
				GCC_WARN_UNUSED_VARIABLE = YES;
				IPHONEOS_DEPLOYMENT_TARGET = 13.2;
				MTL_ENABLE_DEBUG_INFO = INCLUDE_SOURCE;
				MTL_FAST_MATH = YES;
				ONLY_ACTIVE_ARCH = YES;
				SDKROOT = iphoneos;
				SWIFT_ACTIVE_COMPILATION_CONDITIONS = DEBUG;
				SWIFT_OPTIMIZATION_LEVEL = "-Onone";
			};
			name = Debug;
		};
		31521E5723D59951009D9700 /* Release */ = {
			isa = XCBuildConfiguration;
			buildSettings = {
				ALWAYS_SEARCH_USER_PATHS = NO;
				CLANG_ANALYZER_NONNULL = YES;
				CLANG_ANALYZER_NUMBER_OBJECT_CONVERSION = YES_AGGRESSIVE;
				CLANG_CXX_LANGUAGE_STANDARD = "gnu++14";
				CLANG_CXX_LIBRARY = "libc++";
				CLANG_ENABLE_MODULES = YES;
				CLANG_ENABLE_OBJC_ARC = YES;
				CLANG_ENABLE_OBJC_WEAK = YES;
				CLANG_WARN_BLOCK_CAPTURE_AUTORELEASING = YES;
				CLANG_WARN_BOOL_CONVERSION = YES;
				CLANG_WARN_COMMA = YES;
				CLANG_WARN_CONSTANT_CONVERSION = YES;
				CLANG_WARN_DEPRECATED_OBJC_IMPLEMENTATIONS = YES;
				CLANG_WARN_DIRECT_OBJC_ISA_USAGE = YES_ERROR;
				CLANG_WARN_DOCUMENTATION_COMMENTS = YES;
				CLANG_WARN_EMPTY_BODY = YES;
				CLANG_WARN_ENUM_CONVERSION = YES;
				CLANG_WARN_INFINITE_RECURSION = YES;
				CLANG_WARN_INT_CONVERSION = YES;
				CLANG_WARN_NON_LITERAL_NULL_CONVERSION = YES;
				CLANG_WARN_OBJC_IMPLICIT_RETAIN_SELF = YES;
				CLANG_WARN_OBJC_LITERAL_CONVERSION = YES;
				CLANG_WARN_OBJC_ROOT_CLASS = YES_ERROR;
				CLANG_WARN_RANGE_LOOP_ANALYSIS = YES;
				CLANG_WARN_STRICT_PROTOTYPES = YES;
				CLANG_WARN_SUSPICIOUS_MOVE = YES;
				CLANG_WARN_UNGUARDED_AVAILABILITY = YES_AGGRESSIVE;
				CLANG_WARN_UNREACHABLE_CODE = YES;
				CLANG_WARN__DUPLICATE_METHOD_MATCH = YES;
				COPY_PHASE_STRIP = NO;
				DEBUG_INFORMATION_FORMAT = "dwarf-with-dsym";
				ENABLE_NS_ASSERTIONS = NO;
				ENABLE_STRICT_OBJC_MSGSEND = YES;
				GCC_C_LANGUAGE_STANDARD = gnu11;
				GCC_NO_COMMON_BLOCKS = YES;
				GCC_WARN_64_TO_32_BIT_CONVERSION = YES;
				GCC_WARN_ABOUT_RETURN_TYPE = YES_ERROR;
				GCC_WARN_UNDECLARED_SELECTOR = YES;
				GCC_WARN_UNINITIALIZED_AUTOS = YES_AGGRESSIVE;
				GCC_WARN_UNUSED_FUNCTION = YES;
				GCC_WARN_UNUSED_VARIABLE = YES;
				IPHONEOS_DEPLOYMENT_TARGET = 13.2;
				MTL_ENABLE_DEBUG_INFO = NO;
				MTL_FAST_MATH = YES;
				SDKROOT = iphoneos;
				SWIFT_COMPILATION_MODE = wholemodule;
				SWIFT_OPTIMIZATION_LEVEL = "-O";
				VALIDATE_PRODUCT = YES;
			};
			name = Release;
		};
		31521E5923D59951009D9700 /* Debug */ = {
			isa = XCBuildConfiguration;
			buildSettings = {
				ASSETCATALOG_COMPILER_APPICON_NAME = AppIcon;
				CODE_SIGN_STYLE = Automatic;
				INFOPLIST_FILE = paymentGateway2/Info.plist;
				LD_RUNPATH_SEARCH_PATHS = (
					"$(inherited)",
					"@executable_path/Frameworks",
				);
				PRODUCT_BUNDLE_IDENTIFIER = shanth.paymentGateway2;
				PRODUCT_NAME = "$(TARGET_NAME)";
				SWIFT_VERSION = 5.0;
				TARGETED_DEVICE_FAMILY = "1,2";
			};
			name = Debug;
		};
		31521E5A23D59951009D9700 /* Release */ = {
			isa = XCBuildConfiguration;
			buildSettings = {
				ASSETCATALOG_COMPILER_APPICON_NAME = AppIcon;
				CODE_SIGN_STYLE = Automatic;
				INFOPLIST_FILE = paymentGateway2/Info.plist;
				LD_RUNPATH_SEARCH_PATHS = (
					"$(inherited)",
					"@executable_path/Frameworks",
				);
				PRODUCT_BUNDLE_IDENTIFIER = shanth.paymentGateway2;
				PRODUCT_NAME = "$(TARGET_NAME)";
				SWIFT_VERSION = 5.0;
				TARGETED_DEVICE_FAMILY = "1,2";
			};
			name = Release;
		};
		31521E5C23D59951009D9700 /* Debug */ = {
			isa = XCBuildConfiguration;
			buildSettings = {
				ALWAYS_EMBED_SWIFT_STANDARD_LIBRARIES = YES;
				BUNDLE_LOADER = "$(TEST_HOST)";
				CODE_SIGN_STYLE = Automatic;
				INFOPLIST_FILE = paymentGateway2Tests/Info.plist;
				IPHONEOS_DEPLOYMENT_TARGET = 13.2;
				LD_RUNPATH_SEARCH_PATHS = (
					"$(inherited)",
					"@executable_path/Frameworks",
					"@loader_path/Frameworks",
				);
				PRODUCT_BUNDLE_IDENTIFIER = shanth.paymentGateway2Tests;
				PRODUCT_NAME = "$(TARGET_NAME)";
				SWIFT_VERSION = 5.0;
				TARGETED_DEVICE_FAMILY = "1,2";
				TEST_HOST = "$(BUILT_PRODUCTS_DIR)/paymentGateway2.app/paymentGateway2";
			};
			name = Debug;
		};
		31521E5D23D59951009D9700 /* Release */ = {
			isa = XCBuildConfiguration;
			buildSettings = {
				ALWAYS_EMBED_SWIFT_STANDARD_LIBRARIES = YES;
				BUNDLE_LOADER = "$(TEST_HOST)";
				CODE_SIGN_STYLE = Automatic;
				INFOPLIST_FILE = paymentGateway2Tests/Info.plist;
				IPHONEOS_DEPLOYMENT_TARGET = 13.2;
				LD_RUNPATH_SEARCH_PATHS = (
					"$(inherited)",
					"@executable_path/Frameworks",
					"@loader_path/Frameworks",
				);
				PRODUCT_BUNDLE_IDENTIFIER = shanth.paymentGateway2Tests;
				PRODUCT_NAME = "$(TARGET_NAME)";
				SWIFT_VERSION = 5.0;
				TARGETED_DEVICE_FAMILY = "1,2";
				TEST_HOST = "$(BUILT_PRODUCTS_DIR)/paymentGateway2.app/paymentGateway2";
			};
			name = Release;
		};
		31521E5F23D59951009D9700 /* Debug */ = {
			isa = XCBuildConfiguration;
			buildSettings = {
				ALWAYS_EMBED_SWIFT_STANDARD_LIBRARIES = YES;
				CODE_SIGN_STYLE = Automatic;
				INFOPLIST_FILE = paymentGateway2UITests/Info.plist;
				LD_RUNPATH_SEARCH_PATHS = (
					"$(inherited)",
					"@executable_path/Frameworks",
					"@loader_path/Frameworks",
				);
				PRODUCT_BUNDLE_IDENTIFIER = shanth.paymentGateway2UITests;
				PRODUCT_NAME = "$(TARGET_NAME)";
				SWIFT_VERSION = 5.0;
				TARGETED_DEVICE_FAMILY = "1,2";
				TEST_TARGET_NAME = paymentGateway2;
			};
			name = Debug;
		};
		31521E6023D59951009D9700 /* Release */ = {
			isa = XCBuildConfiguration;
			buildSettings = {
				ALWAYS_EMBED_SWIFT_STANDARD_LIBRARIES = YES;
				CODE_SIGN_STYLE = Automatic;
				INFOPLIST_FILE = paymentGateway2UITests/Info.plist;
				LD_RUNPATH_SEARCH_PATHS = (
					"$(inherited)",
					"@executable_path/Frameworks",
					"@loader_path/Frameworks",
				);
				PRODUCT_BUNDLE_IDENTIFIER = shanth.paymentGateway2UITests;
				PRODUCT_NAME = "$(TARGET_NAME)";
				SWIFT_VERSION = 5.0;
				TARGETED_DEVICE_FAMILY = "1,2";
				TEST_TARGET_NAME = paymentGateway2;
			};
			name = Release;
		};
/* End XCBuildConfiguration section */

/* Begin XCConfigurationList section */
		31521E2623D59950009D9700 /* Build configuration list for PBXProject "paymentGateway2" */ = {
			isa = XCConfigurationList;
			buildConfigurations = (
				31521E5623D59951009D9700 /* Debug */,
				31521E5723D59951009D9700 /* Release */,
			);
			defaultConfigurationIsVisible = 0;
			defaultConfigurationName = Release;
		};
		31521E5823D59951009D9700 /* Build configuration list for PBXNativeTarget "paymentGateway2" */ = {
			isa = XCConfigurationList;
			buildConfigurations = (
				31521E5923D59951009D9700 /* Debug */,
				31521E5A23D59951009D9700 /* Release */,
			);
			defaultConfigurationIsVisible = 0;
			defaultConfigurationName = Release;
		};
		31521E5B23D59951009D9700 /* Build configuration list for PBXNativeTarget "paymentGateway2Tests" */ = {
			isa = XCConfigurationList;
			buildConfigurations = (
				31521E5C23D59951009D9700 /* Debug */,
				31521E5D23D59951009D9700 /* Release */,
			);
			defaultConfigurationIsVisible = 0;
			defaultConfigurationName = Release;
		};
		31521E5E23D59951009D9700 /* Build configuration list for PBXNativeTarget "paymentGateway2UITests" */ = {
			isa = XCConfigurationList;
			buildConfigurations = (
				31521E5F23D59951009D9700 /* Debug */,
				31521E6023D59951009D9700 /* Release */,
			);
			defaultConfigurationIsVisible = 0;
			defaultConfigurationName = Release;
		};
/* End XCConfigurationList section */

/* Begin XCVersionGroup section */
		31521E3723D59950009D9700 /* paymentGateway2.xcdatamodeld */ = {
			isa = XCVersionGroup;
			children = (
				31521E3823D59950009D9700 /* paymentGateway2.xcdatamodel */,
			);
			currentVersion = 31521E3823D59950009D9700 /* paymentGateway2.xcdatamodel */;
			path = paymentGateway2.xcdatamodeld;
			sourceTree = "<group>";
			versionGroupType = wrapper.xcdatamodel;
		};
/* End XCVersionGroup section */
	};
	rootObject = 31521E2323D59950009D9700 /* Project object */;
}
